
Microsoft Visual Studio Solution File, Format Version 12.00
# Visual Studio Version 16
VisualStudioVersion = 16.0.31129.286
MinimumVisualStudioVersion = 10.0.40219.1
Project("{9A19103F-16F7-4668-BE54-9A1E7A4F7556}") = "Exam", "..\..\..\Desktop\OOP_LB4_2sem-master\Task6\Exam.csproj", "{A8E89160-4D89-4369-9ED1-63CD5C7C3483}"
EndProject
Global
	GlobalSection(SolutionConfigurationPlatforms) = preSolution
		Debug|Any CPU = Debug|Any CPU
		Release|Any CPU = Release|Any CPU
	EndGlobalSection
	GlobalSection(ProjectConfigurationPlatforms) = postSolution
		{A8E89160-4D89-4369-9ED1-63CD5C7C3483}.Debug|Any CPU.ActiveCfg = Debug|Any CPU
		{A8E89160-4D89-4369-9ED1-63CD5C7C3483}.Debug|Any CPU.Build.0 = Debug|Any CPU
		{A8E89160-4D89-4369-9ED1-63CD5C7C3483}.Release|Any CPU.ActiveCfg = Release|Any CPU
		{A8E89160-4D89-4369-9ED1-63CD5C7C3483}.Release|Any CPU.Build.0 = Release|Any CPU
	EndGlobalSection
	GlobalSection(SolutionProperties) = preSolution
		HideSolutionNode = FALSE
	EndGlobalSection
	GlobalSection(ExtensibilityGlobals) = postSolution
		SolutionGuid = {CD02E673-D4B9-4AB6-BD46-32D4F741FD39}
	EndGlobalSection
EndGlobal
